
Microsoft Visual Studio Solution File, Format Version 12.00
# Visual Studio Version 16
VisualStudioVersion = 16.0.31702.278
MinimumVisualStudioVersion = 10.0.40219.1
Project("{FAE04EC0-301F-11D3-BF4B-00C04F79EFBC}") = "Kates DLL Injector", "Kate's DLL Injector\Kates DLL Injector.csproj", "{582B4580-B0EF-408F-9A02-57FBD37B0BF1}"
EndProject
Global
	GlobalSection(SolutionConfigurationPlatforms) = preSolution
		Debug|Any CPU = Debug|Any CPU
		Release|Any CPU = Release|Any CPU
	EndGlobalSection
	GlobalSection(ProjectConfigurationPlatforms) = postSolution
		{582B4580-B0EF-408F-9A02-57FBD37B0BF1}.Debug|Any CPU.ActiveCfg = Debug|Any CPU
		{582B4580-B0EF-408F-9A02-57FBD37B0BF1}.Debug|Any CPU.Build.0 = Debug|Any CPU
		{582B4580-B0EF-408F-9A02-57FBD37B0BF1}.Release|Any CPU.ActiveCfg = Release|Any CPU
		{582B4580-B0EF-408F-9A02-57FBD37B0BF1}.Release|Any CPU.Build.0 = Release|Any CPU
	EndGlobalSection
	GlobalSection(SolutionProperties) = preSolution
		HideSolutionNode = FALSE
	EndGlobalSection
	GlobalSection(ExtensibilityGlobals) = postSolution
		SolutionGuid = {05295BED-EBEC-4186-9CEA-4B4187DC2AA6}
	EndGlobalSection
EndGlobal
